
Microsoft Visual Studio Solution File, Format Version 12.00
# Visual Studio Version 17
VisualStudioVersion = 17.1.32319.34
MinimumVisualStudioVersion = 10.0.40219.1
Project("{8BC9CEB8-8B4A-11D0-8D11-00A0C91BC942}") = "MapleStoryWebStart", "MapleStoryWebStart\MapleStoryWebStart.vcxproj", "{3F1D92A9-889E-4803-A9FB-1084912908FA}"
EndProject
Project("{FAE04EC0-301F-11D3-BF4B-00C04F79EFBC}") = "Setting", "Setting\Setting.csproj", "{FF165950-CAF1-4119-A690-F31159D19A5F}"
EndProject
Project("{2150E333-8FDC-42A3-9474-1A3956D46DE8}") = "Solution Items", "Solution Items", "{B8D8899D-D39C-4A1B-8795-8E3E4A148741}"
	ProjectSection(SolutionItems) = preProject
		README.md = README.md
	EndProjectSection
EndProject
Global
	GlobalSection(SolutionConfigurationPlatforms) = preSolution
		Debug|Any CPU = Debug|Any CPU
		Debug|x64 = Debug|x64
		Debug|x86 = Debug|x86
		Release|Any CPU = Release|Any CPU
		Release|x64 = Release|x64
		Release|x86 = Release|x86
	EndGlobalSection
	GlobalSection(ProjectConfigurationPlatforms) = postSolution
		{3F1D92A9-889E-4803-A9FB-1084912908FA}.Debug|Any CPU.ActiveCfg = Debug|x64
		{3F1D92A9-889E-4803-A9FB-1084912908FA}.Debug|Any CPU.Build.0 = Debug|x64
		{3F1D92A9-889E-4803-A9FB-1084912908FA}.Debug|x64.ActiveCfg = Debug|x64
		{3F1D92A9-889E-4803-A9FB-1084912908FA}.Debug|x64.Build.0 = Debug|x64
		{3F1D92A9-889E-4803-A9FB-1084912908FA}.Debug|x86.ActiveCfg = Debug|Win32
		{3F1D92A9-889E-4803-A9FB-1084912908FA}.Debug|x86.Build.0 = Debug|Win32
		{3F1D92A9-889E-4803-A9FB-1084912908FA}.Release|Any CPU.ActiveCfg = Release|x64
		{3F1D92A9-889E-4803-A9FB-1084912908FA}.Release|Any CPU.Build.0 = Release|x64
		{3F1D92A9-889E-4803-A9FB-1084912908FA}.Release|x64.ActiveCfg = Release|x64
		{3F1D92A9-889E-4803-A9FB-1084912908FA}.Release|x64.Build.0 = Release|x64
		{3F1D92A9-889E-4803-A9FB-1084912908FA}.Release|x86.ActiveCfg = Release|Win32
		{3F1D92A9-889E-4803-A9FB-1084912908FA}.Release|x86.Build.0 = Release|Win32
		{FF165950-CAF1-4119-A690-F31159D19A5F}.Debug|Any CPU.ActiveCfg = Debug|Any CPU
		{FF165950-CAF1-4119-A690-F31159D19A5F}.Debug|Any CPU.Build.0 = Debug|Any CPU
		{FF165950-CAF1-4119-A690-F31159D19A5F}.Debug|x64.ActiveCfg = Debug|Any CPU
		{FF165950-CAF1-4119-A690-F31159D19A5F}.Debug|x64.Build.0 = Debug|Any CPU
		{FF165950-CAF1-4119-A690-F31159D19A5F}.Debug|x86.ActiveCfg = Debug|Any CPU
		{FF165950-CAF1-4119-A690-F31159D19A5F}.Debug|x86.Build.0 = Debug|Any CPU
		{FF165950-CAF1-4119-A690-F31159D19A5F}.Release|Any CPU.ActiveCfg = Release|Any CPU
		{FF165950-CAF1-4119-A690-F31159D19A5F}.Release|Any CPU.Build.0 = Release|Any CPU
		{FF165950-CAF1-4119-A690-F31159D19A5F}.Release|x64.ActiveCfg = Release|Any CPU
		{FF165950-CAF1-4119-A690-F31159D19A5F}.Release|x64.Build.0 = Release|Any CPU
		{FF165950-CAF1-4119-A690-F31159D19A5F}.Release|x86.ActiveCfg = Release|Any CPU
		{FF165950-CAF1-4119-A690-F31159D19A5F}.Release|x86.Build.0 = Release|Any CPU
	EndGlobalSection
	GlobalSection(SolutionProperties) = preSolution
		HideSolutionNode = FALSE
	EndGlobalSection
	GlobalSection(ExtensibilityGlobals) = postSolution
		SolutionGuid = {83D762EB-A905-490C-9B98-9E920C1D8DCC}
	EndGlobalSection
EndGlobal
